
Microsoft Visual Studio Solution File, Format Version 11.00
# Visual Studio 2010
Project("{FAE04EC0-301F-11D3-BF4B-00C04F79EFBC}") = "ProjectEuler.Problems", "ProjectEuler.Problems\ProjectEuler.Problems.csproj", "{94B4476B-0379-4DA9-B180-C399A6605FC8}"
EndProject
Project("{FAE04EC0-301F-11D3-BF4B-00C04F79EFBC}") = "ProjectEuler.CLI", "ProjectEuler.Console\ProjectEuler.CLI.csproj", "{ED9A60C6-8D40-4D03-9E8B-6DEDAABDF710}"
EndProject
Global
	GlobalSection(SolutionConfigurationPlatforms) = preSolution
		Debug|Any CPU = Debug|Any CPU
		Debug|Mixed Platforms = Debug|Mixed Platforms
		Debug|x86 = Debug|x86
		Release|Any CPU = Release|Any CPU
		Release|Mixed Platforms = Release|Mixed Platforms
		Release|x86 = Release|x86
	EndGlobalSection
	GlobalSection(ProjectConfigurationPlatforms) = postSolution
		{94B4476B-0379-4DA9-B180-C399A6605FC8}.Debug|Any CPU.ActiveCfg = Debug|Any CPU
		{94B4476B-0379-4DA9-B180-C399A6605FC8}.Debug|Any CPU.Build.0 = Debug|Any CPU
		{94B4476B-0379-4DA9-B180-C399A6605FC8}.Debug|Mixed Platforms.ActiveCfg = Debug|Any CPU
		{94B4476B-0379-4DA9-B180-C399A6605FC8}.Debug|Mixed Platforms.Build.0 = Debug|Any CPU
		{94B4476B-0379-4DA9-B180-C399A6605FC8}.Debug|x86.ActiveCfg = Debug|Any CPU
		{94B4476B-0379-4DA9-B180-C399A6605FC8}.Release|Any CPU.ActiveCfg = Release|Any CPU
		{94B4476B-0379-4DA9-B180-C399A6605FC8}.Release|Any CPU.Build.0 = Release|Any CPU
		{94B4476B-0379-4DA9-B180-C399A6605FC8}.Release|Mixed Platforms.ActiveCfg = Release|Any CPU
		{94B4476B-0379-4DA9-B180-C399A6605FC8}.Release|Mixed Platforms.Build.0 = Release|Any CPU
		{94B4476B-0379-4DA9-B180-C399A6605FC8}.Release|x86.ActiveCfg = Release|Any CPU
		{ED9A60C6-8D40-4D03-9E8B-6DEDAABDF710}.Debug|Any CPU.ActiveCfg = Debug|Any CPU
		{ED9A60C6-8D40-4D03-9E8B-6DEDAABDF710}.Debug|Any CPU.Build.0 = Debug|Any CPU
		{ED9A60C6-8D40-4D03-9E8B-6DEDAABDF710}.Debug|Mixed Platforms.ActiveCfg = Debug|Any CPU
		{ED9A60C6-8D40-4D03-9E8B-6DEDAABDF710}.Debug|Mixed Platforms.Build.0 = Debug|Any CPU
		{ED9A60C6-8D40-4D03-9E8B-6DEDAABDF710}.Debug|x86.ActiveCfg = Debug|Any CPU
		{ED9A60C6-8D40-4D03-9E8B-6DEDAABDF710}.Release|Any CPU.ActiveCfg = Release|Any CPU
		{ED9A60C6-8D40-4D03-9E8B-6DEDAABDF710}.Release|Any CPU.Build.0 = Release|Any CPU
		{ED9A60C6-8D40-4D03-9E8B-6DEDAABDF710}.Release|Mixed Platforms.ActiveCfg = Release|Any CPU
		{ED9A60C6-8D40-4D03-9E8B-6DEDAABDF710}.Release|Mixed Platforms.Build.0 = Release|Any CPU
		{ED9A60C6-8D40-4D03-9E8B-6DEDAABDF710}.Release|x86.ActiveCfg = Release|Any CPU
	EndGlobalSection
	GlobalSection(SolutionProperties) = preSolution
		HideSolutionNode = FALSE
	EndGlobalSection
EndGlobal
